// !$*UTF8*$!
{
	archiveVersion = 1;
	classes = {
	};
	objectVersion = 46;
	objects = {

/* Begin PBXBuildFile section */
		27454ACE1EFF7F3600528C4E /* AppDelegate.swift in Sources */ = {isa = PBXBuildFile; fileRef = 27454ACD1EFF7F3600528C4E /* AppDelegate.swift */; };
		27454AD01EFF7F3600528C4E /* ViewController.swift in Sources */ = {isa = PBXBuildFile; fileRef = 27454ACF1EFF7F3600528C4E /* ViewController.swift */; };
		27454AD31EFF7F3600528C4E /* Main.storyboard in Resources */ = {isa = PBXBuildFile; fileRef = 27454AD11EFF7F3600528C4E /* Main.storyboard */; };
		27454AD51EFF7F3600528C4E /* Assets.xcassets in Resources */ = {isa = PBXBuildFile; fileRef = 27454AD41EFF7F3600528C4E /* Assets.xcassets */; };
		27454AD81EFF7F3600528C4E /* LaunchScreen.storyboard in Resources */ = {isa = PBXBuildFile; fileRef = 27454AD61EFF7F3600528C4E /* LaunchScreen.storyboard */; };
/* End PBXBuildFile section */

/* Begin PBXFileReference section */
		27454ACA1EFF7F3600528C4E /* MachineLearningIntro.app */ = {isa = PBXFileReference; explicitFileType = wrapper.application; includeInIndex = 0; path = MachineLearningIntro.app; sourceTree = BUILT_PRODUCTS_DIR; };
		27454ACD1EFF7F3600528C4E /* AppDelegate.swift */ = {isa = PBXFileReference; lastKnownFileType = sourcecode.swift; path = AppDelegate.swift; sourceTree = "<group>"; };
		27454ACF1EFF7F3600528C4E /* ViewController.swift */ = {isa = PBXFileReference; lastKnownFileType = sourcecode.swift; path = ViewController.swift; sourceTree = "<group>"; };
		27454AD21EFF7F3600528C4E /* Base */ = {isa = PBXFileReference; lastKnownFileType = file.storyboard; name = Base; path = Base.lproj/Main.storyboard; sourceTree = "<group>"; };
		27454AD41EFF7F3600528C4E /* Assets.xcassets */ = {isa = PBXFileReference; lastKnownFileType = folder.assetcatalog; path = Assets.xcassets; sourceTree = "<group>"; };
		27454AD71EFF7F3600528C4E /* Base */ = {isa = PBXFileReference; lastKnownFileType = file.storyboard; name = Base; path = Base.lproj/LaunchScreen.storyboard; sourceTree = "<group>"; };
		27454AD91EFF7F3600528C4E /* Info.plist */ = {isa = PBXFileReference; lastKnownFileType = text.plist.xml; path = Info.plist; sourceTree = "<group>"; };
/* End PBXFileReference section */

/* Begin PBXFrameworksBuildPhase section */
		27454AC71EFF7F3600528C4E /* Frameworks */ = {
			isa = PBXFrameworksBuildPhase;
			buildActionMask = 2147483647;
			files = (
			);
			runOnlyForDeploymentPostprocessing = 0;
		};
/* End PBXFrameworksBuildPhase section */

/* Begin PBXGroup section */
		27454AC11EFF7F3600528C4E = {
			isa = PBXGroup;
			children = (
				27454ACC1EFF7F3600528C4E /* MachineLearningIntro */,
				27454ACB1EFF7F3600528C4E /* Products */,
			);
			sourceTree = "<group>";
		};
		27454ACB1EFF7F3600528C4E /* Products */ = {
			isa = PBXGroup;
			children = (
				27454ACA1EFF7F3600528C4E /* MachineLearningIntro.app */,
			);
			name = Products;
			sourceTree = "<group>";
		};
		27454ACC1EFF7F3600528C4E /* MachineLearningIntro */ = {
			isa = PBXGroup;
			children = (
				27454ACD1EFF7F3600528C4E /* AppDelegate.swift */,
				27454ACF1EFF7F3600528C4E /* ViewController.swift */,
				27454AD11EFF7F3600528C4E /* Main.storyboard */,
				27454AD41EFF7F3600528C4E /* Assets.xcassets */,
				27454AD61EFF7F3600528C4E /* LaunchScreen.storyboard */,
				27454AD91EFF7F3600528C4E /* Info.plist */,
			);
			path = MachineLearningIntro;
			sourceTree = "<group>";
		};
/* End PBXGroup section */

/* Begin PBXNativeTarget section */
		27454AC91EFF7F3600528C4E /* MachineLearningIntro */ = {
			isa = PBXNativeTarget;
			buildConfigurationList = 27454ADC1EFF7F3600528C4E /* Build configuration list for PBXNativeTarget "MachineLearningIntro" */;
			buildPhases = (
				27454AC61EFF7F3600528C4E /* Sources */,
				27454AC71EFF7F3600528C4E /* Frameworks */,
				27454AC81EFF7F3600528C4E /* Resources */,
			);
			buildRules = (
			);
			dependencies = (
			);
			name = MachineLearningIntro;
			productName = MachineLearningIntro;
			productReference = 27454ACA1EFF7F3600528C4E /* MachineLearningIntro.app */;
			productType = "com.apple.product-type.application";
		};
/* End PBXNativeTarget section */

/* Begin PBXProject section */
		27454AC21EFF7F3600528C4E /* Project object */ = {
			isa = PBXProject;
			attributes = {
				LastSwiftUpdateCheck = 0830;
				LastUpgradeCheck = 0830;
				ORGANIZATIONNAME = swifttutorial;
				TargetAttributes = {
					27454AC91EFF7F3600528C4E = {
						CreatedOnToolsVersion = 8.3.3;
						ProvisioningStyle = Automatic;
					};
				};
			};
			buildConfigurationList = 27454AC51EFF7F3600528C4E /* Build configuration list for PBXProject "MachineLearningIntro" */;
			compatibilityVersion = "Xcode 3.2";
			developmentRegion = English;
			hasScannedForEncodings = 0;
			knownRegions = (
				en,
				Base,
			);
			mainGroup = 27454AC11EFF7F3600528C4E;
			productRefGroup = 27454ACB1EFF7F3600528C4E /* Products */;
			projectDirPath = "";
			projectRoot = "";
			targets = (
				27454AC91EFF7F3600528C4E /* MachineLearningIntro */,
			);
		};
/* End PBXProject section */

/* Begin PBXResourcesBuildPhase section */
		27454AC81EFF7F3600528C4E /* Resources */ = {
			isa = PBXResourcesBuildPhase;
			buildActionMask = 2147483647;
			files = (
				27454AD81EFF7F3600528C4E /* LaunchScreen.storyboard in Resources */,
				27454AD51EFF7F3600528C4E /* Assets.xcassets in Resources */,
				27454AD31EFF7F3600528C4E /* Main.storyboard in Resources */,
			);
			runOnlyForDeploymentPostprocessing = 0;
		};
/* End PBXResourcesBuildPhase section */

/* Begin PBXSourcesBuildPhase section */
		27454AC61EFF7F3600528C4E /* Sources */ = {
			isa = PBXSourcesBuildPhase;
			buildActionMask = 2147483647;
			files = (
				27454AD01EFF7F3600528C4E /* ViewController.swift in Sources */,
				27454ACE1EFF7F3600528C4E /* AppDelegate.swift in Sources */,
			);
			runOnlyForDeploymentPostprocessing = 0;
		};
/* End PBXSourcesBuildPhase section */

/* Begin PBXVariantGroup section */
		27454AD11EFF7F3600528C4E /* Main.storyboard */ = {
			isa = PBXVariantGroup;
			children = (
				27454AD21EFF7F3600528C4E /* Base */,
			);
			name = Main.storyboard;
			sourceTree = "<group>";
		};
		27454AD61EFF7F3600528C4E /* LaunchScreen.storyboard */ = {
			isa = PBXVariantGroup;
			children = (
				27454AD71EFF7F3600528C4E /* Base */,
			);
			name = LaunchScreen.storyboard;
			sourceTree = "<group>";
		};
/* End PBXVariantGroup section */

/* Begin XCBuildConfiguration section */
		27454ADA1EFF7F3600528C4E /* Debug */ = {
			isa = XCBuildConfiguration;
			buildSettings = {
				ALWAYS_SEARCH_USER_PATHS = NO;
				CLANG_ANALYZER_NONNULL = YES;
				CLANG_ANALYZER_NUMBER_OBJECT_CONVERSION = YES_AGGRESSIVE;
				CLANG_CXX_LANGUAGE_STANDARD = "gnu++0x";
				CLANG_CXX_LIBRARY = "libc++";
				CLANG_ENABLE_MODULES = YES;
				CLANG_ENABLE_OBJC_ARC = YES;
				CLANG_WARN_BOOL_CONVERSION = YES;
				CLANG_WARN_CONSTANT_CONVERSION = YES;
				CLANG_WARN_DIRECT_OBJC_ISA_USAGE = YES_ERROR;
				CLANG_WARN_DOCUMENTATION_COMMENTS = YES;
				CLANG_WARN_EMPTY_BODY = YES;
				CLANG_WARN_ENUM_CONVERSION = YES;
				CLANG_WARN_INFINITE_RECURSION = YES;
				CLANG_WARN_INT_CONVERSION = YES;
				CLANG_WARN_OBJC_ROOT_CLASS = YES_ERROR;
				CLANG_WARN_SUSPICIOUS_MOVE = YES;
				CLANG_WARN_UNREACHABLE_CODE = YES;
				CLANG_WARN__DUPLICATE_METHOD_MATCH = YES;
				"CODE_SIGN_IDENTITY[sdk=iphoneos*]" = "iPhone Developer";
				COPY_PHASE_STRIP = NO;
				DEBUG_INFORMATION_FORMAT = dwarf;
				ENABLE_STRICT_OBJC_MSGSEND = YES;
				ENABLE_TESTABILITY = YES;
				GCC_C_LANGUAGE_STANDARD = gnu99;
				GCC_DYNAMIC_NO_PIC = NO;
				GCC_NO_COMMON_BLOCKS = YES;
				GCC_OPTIMIZATION_LEVEL = 0;
				GCC_PREPROCESSOR_DEFINITIONS = (
					"DEBUG=1",
					"$(inherited)",
				);
				GCC_WARN_64_TO_32_BIT_CONVERSION = YES;
				GCC_WARN_ABOUT_RETURN_TYPE = YES_ERROR;
				GCC_WARN_UNDECLARED_SELECTOR = YES;
				GCC_WARN_UNINITIALIZED_AUTOS = YES_AGGRESSIVE;
				GCC_WARN_UNUSED_FUNCTION = YES;
				GCC_WARN_UNUSED_VARIABLE = YES;
				IPHONEOS_DEPLOYMENT_TARGET = 10.3;
				MTL_ENABLE_DEBUG_INFO = YES;
				ONLY_ACTIVE_ARCH = YES;
				SDKROOT = iphoneos;
				SWIFT_ACTIVE_COMPILATION_CONDITIONS = DEBUG;
				SWIFT_OPTIMIZATION_LEVEL = "-Onone";
				TARGETED_DEVICE_FAMILY = "1,2";
			};
			name = Debug;
		};
		27454ADB1EFF7F3600528C4E /* Release */ = {
			isa = XCBuildConfiguration;
			buildSettings = {
				ALWAYS_SEARCH_USER_PATHS = NO;
				CLANG_ANALYZER_NONNULL = YES;
				CLANG_ANALYZER_NUMBER_OBJECT_CONVERSION = YES_AGGRESSIVE;
				CLANG_CXX_LANGUAGE_STANDARD = "gnu++0x";
				CLANG_CXX_LIBRARY = "libc++";
				CLANG_ENABLE_MODULES = YES;
				CLANG_ENABLE_OBJC_ARC = YES;
				CLANG_WARN_BOOL_CONVERSION = YES;
				CLANG_WARN_CONSTANT_CONVERSION = YES;
				CLANG_WARN_DIRECT_OBJC_ISA_USAGE = YES_ERROR;
				CLANG_WARN_DOCUMENTATION_COMMENTS = YES;
				CLANG_WARN_EMPTY_BODY = YES;
				CLANG_WARN_ENUM_CONVERSION = YES;
				CLANG_WARN_INFINITE_RECURSION = YES;
				CLANG_WARN_INT_CONVERSION = YES;
				CLANG_WARN_OBJC_ROOT_CLASS = YES_ERROR;
				CLANG_WARN_SUSPICIOUS_MOVE = YES;
				CLANG_WARN_UNREACHABLE_CODE = YES;
				CLANG_WARN__DUPLICATE_METHOD_MATCH = YES;
				"CODE_SIGN_IDENTITY[sdk=iphoneos*]" = "iPhone Developer";
				COPY_PHASE_STRIP = NO;
				DEBUG_INFORMATION_FORMAT = "dwarf-with-dsym";
				ENABLE_NS_ASSERTIONS = NO;
				ENABLE_STRICT_OBJC_MSGSEND = YES;
				GCC_C_LANGUAGE_STANDARD = gnu99;
				GCC_NO_COMMON_BLOCKS = YES;
				GCC_WARN_64_TO_32_BIT_CONVERSION = YES;
				GCC_WARN_ABOUT_RETURN_TYPE = YES_ERROR;
				GCC_WARN_UNDECLARED_SELECTOR = YES;
				GCC_WARN_UNINITIALIZED_AUTOS = YES_AGGRESSIVE;
				GCC_WARN_UNUSED_FUNCTION = YES;
				GCC_WARN_UNUSED_VARIABLE = YES;
				IPHONEOS_DEPLOYMENT_TARGET = 10.3;
				MTL_ENABLE_DEBUG_INFO = NO;
				SDKROOT = iphoneos;
				SWIFT_OPTIMIZATION_LEVEL = "-Owholemodule";
				TARGETED_DEVICE_FAMILY = "1,2";
				VALIDATE_PRODUCT = YES;
			};
			name = Release;
		};
		27454ADD1EFF7F3600528C4E /* Debug */ = {
			isa = XCBuildConfiguration;
			buildSettings = {
				ASSETCATALOG_COMPILER_APPICON_NAME = AppIcon;
				INFOPLIST_FILE = MachineLearningIntro/Info.plist;
				LD_RUNPATH_SEARCH_PATHS = "$(inherited) @executable_path/Frameworks";
				PRODUCT_BUNDLE_IDENTIFIER = mike.MachineLearningIntro;
				PRODUCT_NAME = "$(TARGET_NAME)";
				SWIFT_VERSION = 3.0;
			};
			name = Debug;
		};
		27454ADE1EFF7F3600528C4E /* Release */ = {
			isa = XCBuildConfiguration;
			buildSettings = {
				ASSETCATALOG_COMPILER_APPICON_NAME = AppIcon;
				INFOPLIST_FILE = MachineLearningIntro/Info.plist;
				LD_RUNPATH_SEARCH_PATHS = "$(inherited) @executable_path/Frameworks";
				PRODUCT_BUNDLE_IDENTIFIER = mike.MachineLearningIntro;
				PRODUCT_NAME = "$(TARGET_NAME)";
				SWIFT_VERSION = 3.0;
			};
			name = Release;
		};
/* End XCBuildConfiguration section */

/* Begin XCConfigurationList section */
		27454AC51EFF7F3600528C4E /* Build configuration list for PBXProject "MachineLearningIntro" */ = {
			isa = XCConfigurationList;
			buildConfigurations = (
				27454ADA1EFF7F3600528C4E /* Debug */,
				27454ADB1EFF7F3600528C4E /* Release */,
			);
			defaultConfigurationIsVisible = 0;
			defaultConfigurationName = Release;
		};
		27454ADC1EFF7F3600528C4E /* Build configuration list for PBXNativeTarget "MachineLearningIntro" */ = {
			isa = XCConfigurationList;
			buildConfigurations = (
				27454ADD1EFF7F3600528C4E /* Debug */,
				27454ADE1EFF7F3600528C4E /* Release */,
			);
			defaultConfigurationIsVisible = 0;
		};
/* End XCConfigurationList section */
	};
	rootObject = 27454AC21EFF7F3600528C4E /* Project object */;
}
